
Microsoft Visual Studio Solution File, Format Version 12.00
# Visual Studio Version 17
VisualStudioVersion = 17.2.32630.192
MinimumVisualStudioVersion = 10.0.40219.1
Project("{FAE04EC0-301F-11D3-BF4B-00C04F79EFBC}") = "Hello_OOP", "Hello_OOP\Hello_OOP.csproj", "{246727ED-7573-47CD-BABA-7F3640CF94FD}"
EndProject
Global
	GlobalSection(SolutionConfigurationPlatforms) = preSolution
		Debug|Any CPU = Debug|Any CPU
		Release|Any CPU = Release|Any CPU
	EndGlobalSection
	GlobalSection(ProjectConfigurationPlatforms) = postSolution
		{246727ED-7573-47CD-BABA-7F3640CF94FD}.Debug|Any CPU.ActiveCfg = Debug|Any CPU
		{246727ED-7573-47CD-BABA-7F3640CF94FD}.Debug|Any CPU.Build.0 = Debug|Any CPU
		{246727ED-7573-47CD-BABA-7F3640CF94FD}.Release|Any CPU.ActiveCfg = Release|Any CPU
		{246727ED-7573-47CD-BABA-7F3640CF94FD}.Release|Any CPU.Build.0 = Release|Any CPU
	EndGlobalSection
	GlobalSection(SolutionProperties) = preSolution
		HideSolutionNode = FALSE
	EndGlobalSection
	GlobalSection(ExtensibilityGlobals) = postSolution
		SolutionGuid = {7F94D00E-AD08-4A60-B16A-80F50F4DEEF5}
	EndGlobalSection
EndGlobal
